{
  "requires": true,
  "lockfileVersion": 1,
  "dependencies": {
    "@interactjs/actions": {
      "version": "1.9.9",
      "resolved": "https://registry.npmjs.org/@interactjs/actions/-/actions-1.9.9.tgz",
      "integrity": "sha512-+mb/bTscD1CGjqekQJ6Yf7A2q8K3/JzMfub4HGzi8Ri0cc62iUroScQo/psPae2icQ0gy5nHEiCu2db4EMXxPA==",
      "requires": {
        "@interactjs/interact": "1.9.9"
      }
    },
    "@interactjs/arrange": {
      "version": "1.9.9",
      "resolved": "https://registry.npmjs.org/@interactjs/arrange/-/arrange-1.9.9.tgz",
      "integrity": "sha512-vVgbOxG1uqzzvw1Sf4eDx/ln63mCyi/Xk0BAzKWGwxLMy5VeGzvJhS6L+EKgI4gNf0vSvkUCjz1VGw6nTprR1g=="
    },
    "@interactjs/auto-scroll": {
      "version": "1.9.9",
      "resolved": "https://registry.npmjs.org/@interactjs/auto-scroll/-/auto-scroll-1.9.9.tgz",
      "integrity": "sha512-/uoQumGmnwKwOLzrH3tGfLpGax9S1zrxImkiKK+Dl/ItStZoHeXP9H4TzvdC1jiZUxMMsJUMMzky12RsBqF13g==",
      "requires": {
        "@interactjs/interact": "1.9.9"
      }
    },
    "@interactjs/auto-start": {
      "version": "1.9.9",
      "resolved": "https://registry.npmjs.org/@interactjs/auto-start/-/auto-start-1.9.9.tgz",
      "integrity": "sha512-g2ubcTJy9DAIzhe6fyRyJETJnQTPm3ibx+YzBVPqpcXx1F7nqQIVokrv54muXhCgEzZtQB7Se6gp5dAVl0DhkA==",
      "requires": {
        "@interactjs/interact": "1.9.9"
      }
    },
    "@interactjs/clone": {
      "version": "1.9.9",
      "resolved": "https://registry.npmjs.org/@interactjs/clone/-/clone-1.9.9.tgz",
      "integrity": "sha512-Qoeo4jUl0OEPth8aEMMlugByekqrKJwl9sBItvIpQba8m3+6z5/2/ILXJop55Z1EZFAN2uFP/sNqFHVawdh1Ww=="
    },
    "@interactjs/components": {
      "version": "1.9.9",
      "resolved": "https://registry.npmjs.org/@interactjs/components/-/components-1.9.9.tgz",
      "integrity": "sha512-Oo+u0Siega9ke6OID/YgIBaNRPN+TBZ/QmfD8HqohrDeMssg5mwDShCpE608K0WLFRp3JODzkl0puYF/g63e4w=="
    },
    "@interactjs/core": {
      "version": "1.9.9",
      "resolved": "https://registry.npmjs.org/@interactjs/core/-/core-1.9.9.tgz",
      "integrity": "sha512-Jj6AWcIJpGvUkOjGmwo9rdYGoh60OlKlcpLwMnAC1/E6/PCzBgXkHPB4BNYZwRrxJH8QY4TU/vCtZFMZSydxyg=="
    },
    "@interactjs/dev-tools": {
      "version": "1.9.9",
      "resolved": "https://registry.npmjs.org/@interactjs/dev-tools/-/dev-tools-1.9.9.tgz",
      "integrity": "sha512-h8KNxFFRs1MR/GaOMs/R6WqaUUdnCOatEvflRSHIoH2PdDDnu7881v3q6vy/jGeBFU8tZ/0ASxQImiRMJx/tVQ==",
      "requires": {
        "@interactjs/interact": "1.9.9",
        "@interactjs/utils": "1.9.9"
      }
    },
    "@interactjs/feedback": {
      "version": "1.9.9",
      "resolved": "https://registry.npmjs.org/@interactjs/feedback/-/feedback-1.9.9.tgz",
      "integrity": "sha512-mHgtv3OZg87xImUKJqqDBJZ/tYHjrn71N0glqa2jZpnExtr63g43iWIqIvwJpk775M883WROIGDc+X/4tsVP6Q=="
    },
    "@interactjs/inertia": {
      "version": "1.9.9",
      "resolved": "https://registry.npmjs.org/@interactjs/inertia/-/inertia-1.9.9.tgz",
      "integrity": "sha512-rVkZc52gpRG+jgD8xV1WCw5Ktjxbz7PXe49dAjxbocm+6edpjD0Zp7oKeC/IFq+qE5xdgU9BNNe/6yLEdB74KA==",
      "requires": {
        "@interactjs/interact": "1.9.9",
        "@interactjs/offset": "1.9.9"
      }
    },
    "@interactjs/interact": {
      "version": "1.9.9",
      "resolved": "https://registry.npmjs.org/@interactjs/interact/-/interact-1.9.9.tgz",
      "integrity": "sha512-ntAOE5GL+yaICPkRFmS2p6+7dcydOp42OyRK2Hj+td1DCmo7+dWVJ7sowzcMOCAQQ6bQpk50kaww19jQx1PJcg==",
      "requires": {
        "@interactjs/core": "1.9.9",
        "@interactjs/types": "1.9.9",
        "@interactjs/utils": "1.9.9"
      }
    },
    "@interactjs/interactjs": {
      "version": "1.9.9",
      "resolved": "https://registry.npmjs.org/@interactjs/interactjs/-/interactjs-1.9.9.tgz",
      "integrity": "sha512-fQdy6RM2IU1RCZ9XvnEwOmNoRiiIeenXRFu2lgncmL4lfsMP7gbhA1PI0KX2CO1fOVcwbB6E3YHHzgbsFpNcNQ==",
      "requires": {
        "@interactjs/actions": "1.9.9",
        "@interactjs/arrange": "1.9.9",
        "@interactjs/auto-scroll": "1.9.9",
        "@interactjs/auto-start": "1.9.9",
        "@interactjs/clone": "1.9.9",
        "@interactjs/components": "1.9.9",
        "@interactjs/core": "1.9.9",
        "@interactjs/dev-tools": "1.9.9",
        "@interactjs/feedback": "1.9.9",
        "@interactjs/inertia": "1.9.9",
        "@interactjs/interact": "1.9.9",
        "@interactjs/modifiers": "1.9.9",
        "@interactjs/multi-target": "1.9.9",
        "@interactjs/offset": "1.9.9",
        "@interactjs/pointer-events": "1.9.9",
        "@interactjs/reflow": "1.9.9",
        "@interactjs/types": "1.9.9",
        "@interactjs/utils": "1.9.9",
        "@interactjs/vue": "1.9.9"
      }
    },
    "@interactjs/modifiers": {
      "version": "1.9.9",
      "resolved": "https://registry.npmjs.org/@interactjs/modifiers/-/modifiers-1.9.9.tgz",
      "integrity": "sha512-xauU9zjAAZoPWa6vcQ96vFbh39uwT7ZxLZVAiyPAW7bSQRztK/GxUtt2+gwUOrqSKT2Av++9p4BWOlOk5lZxRg==",
      "requires": {
        "@interactjs/interact": "1.9.9",
        "@interactjs/snappers": "1.9.9"
      }
    },
    "@interactjs/multi-target": {
      "version": "1.9.9",
      "resolved": "https://registry.npmjs.org/@interactjs/multi-target/-/multi-target-1.9.9.tgz",
      "integrity": "sha512-BJk5AwIgFN5jOm85LtvucxcIBBpkS8i9ndS4j2td4O0u0rzhXDTVN3XxQnc4rxV9FZfgmZdI4dnyDEnXTFYFsA=="
    },
    "@interactjs/offset": {
      "version": "1.9.9",
      "resolved": "https://registry.npmjs.org/@interactjs/offset/-/offset-1.9.9.tgz",
      "integrity": "sha512-nMmxzUqmv3InsczdAO6YI5BLUMyc/Gz/41MstJHslLsHjfIVbPUD9ZJbQElcvrnruUoqhXNY/FpRUSyCRqctiQ==",
      "requires": {
        "@interactjs/interact": "1.9.9"
      }
    },
    "@interactjs/pointer-events": {
      "version": "1.9.9",
      "resolved": "https://registry.npmjs.org/@interactjs/pointer-events/-/pointer-events-1.9.9.tgz",
      "integrity": "sha512-MtwD4fDQPveofsagav4L4kLj63ZXPCVpPPd0kauD+keMwfm+6z3e80I2KyWqEbabblkH3XKrjEZNGQaPclflCw==",
      "requires": {
        "@interactjs/interact": "1.9.9"
      }
    },
    "@interactjs/reflow": {
      "version": "1.9.9",
      "resolved": "https://registry.npmjs.org/@interactjs/reflow/-/reflow-1.9.9.tgz",
      "integrity": "sha512-Mzixx81kgfveILkhqCkHmSNDvCgg5DKLlVJpTwhh+LfxyWlKSt8bUk9CHYvn09LDsZiodXEimKqyy8QwYcZCVg==",
      "requires": {
        "@interactjs/interact": "1.9.9"
      }
    },
    "@interactjs/snappers": {
      "version": "1.9.9",
      "resolved": "https://registry.npmjs.org/@interactjs/snappers/-/snappers-1.9.9.tgz",
      "integrity": "sha512-7Gcp0VKDTE1W4B4gayOeaUppMgRlLReku9/SBPW+GWTqIPsgHu2ndAAsdKYSksO/v9u+v+Jk0Fm90Pe9zGclzg=="
    },
    "@interactjs/symbol-tree": {
      "version": "1.9.9",
      "resolved": "https://registry.npmjs.org/@interactjs/symbol-tree/-/symbol-tree-1.9.9.tgz",
      "integrity": "sha512-esbSprGGuaNLz8OwQKxr0sDSAo14ic0A7eHolODjvdhARREJiZYGLPYNb9h3yZ8TSNLk1Z4RsONxnJwN965irw=="
    },
    "@interactjs/types": {
      "version": "1.9.9",
      "resolved": "https://registry.npmjs.org/@interactjs/types/-/types-1.9.9.tgz",
      "integrity": "sha512-adouBgB8L9RD5HE0efLeYnY7RksXXaHGL3wLZstnDCPIDKpg8PXj6wbR2TovFUP51MlNMmlGFua0xRYIA0tz2g==",
      "requires": {
        "@interactjs/actions": "1.9.9",
        "@interactjs/arrange": "1.9.9",
        "@interactjs/auto-scroll": "1.9.9",
        "@interactjs/auto-start": "1.9.9",
        "@interactjs/core": "1.9.9",
        "@interactjs/dev-tools": "1.9.9",
        "@interactjs/inertia": "1.9.9",
        "@interactjs/modifiers": "1.9.9",
        "@interactjs/pointer-events": "1.9.9",
        "@interactjs/reflow": "1.9.9",
        "@interactjs/snappers": "1.9.9",
        "@interactjs/symbol-tree": "1.9.9",
        "@interactjs/utils": "1.9.9"
      }
    },
    "@interactjs/utils": {
      "version": "1.9.9",
      "resolved": "https://registry.npmjs.org/@interactjs/utils/-/utils-1.9.9.tgz",
      "integrity": "sha512-GegdM3iJHjtH74eNQmZD3lgMe2dl0iTML5tV+Ti8Z6L0AzBtngJXLJ5o/+TjRmqrVeEnvLWwqMvAat74AqjL5g=="
    },
    "@interactjs/vue": {
      "version": "1.9.9",
      "resolved": "https://registry.npmjs.org/@interactjs/vue/-/vue-1.9.9.tgz",
      "integrity": "sha512-UgZJOWfG5dXNMgkPI/j9FECpUADLSOoIX856GLVH2gxLwKcCEMdw1Ro7NwNxvCkl9/+HjtvNXQWTPv8OA6Xu+w=="
    },
    "interactjs": {
      "version": "1.9.9",
      "resolved": "https://registry.npmjs.org/interactjs/-/interactjs-1.9.9.tgz",
      "integrity": "sha512-4WMas+Ms6qoATdpIFAdXpKRK9AYouNh6LqCq8B+wk0IpkPGoPCFnz3LDOlzhfZghniocVt+uK2FEFHaLwgCHAQ==",
      "requires": {
        "@interactjs/interactjs": "1.9.9",
        "@interactjs/types": "1.9.9"
      }
    }
  }
}
